
Microsoft Visual Studio Solution File, Format Version 12.00
# Visual Studio Version 17
VisualStudioVersion = 17.11.35327.3
MinimumVisualStudioVersion = 10.0.40219.1
Project("{FAE04EC0-301F-11D3-BF4B-00C04F79EFBC}") = "PatreonPatcher", "PatreonPatcher\PatreonPatcher.csproj", "{4F07465C-6370-41BD-98B8-9093BF5E9380}"
EndProject
Global
	GlobalSection(SolutionConfigurationPlatforms) = preSolution
		Debug|Any CPU = Debug|Any CPU
		Release|Any CPU = Release|Any CPU
	EndGlobalSection
	GlobalSection(ProjectConfigurationPlatforms) = postSolution
		{4F07465C-6370-41BD-98B8-9093BF5E9380}.Debug|Any CPU.ActiveCfg = Debug|Any CPU
		{4F07465C-6370-41BD-98B8-9093BF5E9380}.Debug|Any CPU.Build.0 = Debug|Any CPU
		{4F07465C-6370-41BD-98B8-9093BF5E9380}.Release|Any CPU.ActiveCfg = Release|Any CPU
		{4F07465C-6370-41BD-98B8-9093BF5E9380}.Release|Any CPU.Build.0 = Release|Any CPU
	EndGlobalSection
	GlobalSection(SolutionProperties) = preSolution
		HideSolutionNode = FALSE
	EndGlobalSection
	GlobalSection(ExtensibilityGlobals) = postSolution
		SolutionGuid = {C348327F-9B6D-45F3-81C6-06AC70E69D7C}
	EndGlobalSection
EndGlobal
